{
  "name": "create-genezio-app",
  "version": "1.0.0",
  "lockfileVersion": 3,
  "requires": true,
  "packages": {
    "": {
      "name": "create-genezio-app",
      "version": "1.0.0",
      "license": "GPL-3",
      "dependencies": {
        "commander": "~10.0.0"
      },
      "bin": {
        "create-genezio-app": "build/index.js"
      },
      "engines": {
        "node": ">= 14"
      }
    },
    "node_modules/commander": {
      "version": "10.0.0",
      "resolved": "https://registry.npmjs.org/commander/-/commander-10.0.0.tgz",
      "integrity": "sha512-zS5PnTI22FIRM6ylNW8G4Ap0IEOyk62fhLSD0+uHRT9McRCLGpkVNvao4bjimpK/GShynyQkFFxHhwMcETmduA==",
      "engines": {
        "node": ">=14"
      }
    }
  }
}
